
Microsoft Visual Studio Solution File, Format Version 12.00
# Visual Studio 2013
VisualStudioVersion = 12.0.31101.0
MinimumVisualStudioVersion = 10.0.40219.1
Project("{FAE04EC0-301F-11D3-BF4B-00C04F79EFBC}") = "GeneticSudoku", "GeneticSudoku\GeneticSudoku.csproj", "{51505118-029F-4F4B-9FC4-F2D8D92B1D0E}"
EndProject
Project("{FAE04EC0-301F-11D3-BF4B-00C04F79EFBC}") = "GeneticSudokuTests", "GeneticSudokuTests\GeneticSudokuTests.csproj", "{BD743DD0-685C-47AC-8B95-9F103B63495D}"
EndProject
Global
	GlobalSection(SolutionConfigurationPlatforms) = preSolution
		Debug|Any CPU = Debug|Any CPU
		Release|Any CPU = Release|Any CPU
	EndGlobalSection
	GlobalSection(ProjectConfigurationPlatforms) = postSolution
		{51505118-029F-4F4B-9FC4-F2D8D92B1D0E}.Debug|Any CPU.ActiveCfg = Debug|Any CPU
		{51505118-029F-4F4B-9FC4-F2D8D92B1D0E}.Debug|Any CPU.Build.0 = Debug|Any CPU
		{51505118-029F-4F4B-9FC4-F2D8D92B1D0E}.Release|Any CPU.ActiveCfg = Release|Any CPU
		{51505118-029F-4F4B-9FC4-F2D8D92B1D0E}.Release|Any CPU.Build.0 = Release|Any CPU
		{BD743DD0-685C-47AC-8B95-9F103B63495D}.Debug|Any CPU.ActiveCfg = Debug|Any CPU
		{BD743DD0-685C-47AC-8B95-9F103B63495D}.Debug|Any CPU.Build.0 = Debug|Any CPU
		{BD743DD0-685C-47AC-8B95-9F103B63495D}.Release|Any CPU.ActiveCfg = Release|Any CPU
		{BD743DD0-685C-47AC-8B95-9F103B63495D}.Release|Any CPU.Build.0 = Release|Any CPU
	EndGlobalSection
	GlobalSection(SolutionProperties) = preSolution
		HideSolutionNode = FALSE
	EndGlobalSection
EndGlobal
